# This file is automatically @generated by Cargo.
# It is not intended for manual editing.
version = 4

[[package]]
name = "forza-app"
version = "0.1.0"

[[package]]
name = "forza-cli"
version = "0.1.0"

[[package]]
name = "forza-config"
version = "0.1.0"

[[package]]
name = "forza-db"
version = "0.1.0"

[[package]]
name = "forza-domain"
version = "0.1.0"

[[package]]
name = "forza-gui"
version = "0.1.0"

[[package]]
name = "forza-lmstudio"
version = "0.1.0"

[[package]]
name = "forza-output"
version = "0.1.0"

[[package]]
name = "forza-pipeline"
version = "0.1.0"
